// !$*UTF8*$!
{
	archiveVersion = 1;
	classes = {
	};
	objectVersion = 50;
	objects = {

/* Begin PBXBuildFile section */
		121EE0C326FDEB220083C675 /* EggtimeApp.swift in Sources */ = {isa = PBXBuildFile; fileRef = 121EE0C226FDEB220083C675 /* EggtimeApp.swift */; };
		121EE0C526FDEB220083C675 /* ContentView.swift in Sources */ = {isa = PBXBuildFile; fileRef = 121EE0C426FDEB220083C675 /* ContentView.swift */; };
		121EE0C726FDEB230083C675 /* Assets.xcassets in Resources */ = {isa = PBXBuildFile; fileRef = 121EE0C626FDEB230083C675 /* Assets.xcassets */; };
		121EE0CA26FDEB230083C675 /* Preview Assets.xcassets in Resources */ = {isa = PBXBuildFile; fileRef = 121EE0C926FDEB230083C675 /* Preview Assets.xcassets */; };
		121EE0D226FDEFEB0083C675 /* EggShape.swift in Sources */ = {isa = PBXBuildFile; fileRef = 121EE0D126FDEFEB0083C675 /* EggShape.swift */; };
		121EE0D426FDF0D90083C675 /* Egg.swift in Sources */ = {isa = PBXBuildFile; fileRef = 121EE0D326FDF0D90083C675 /* Egg.swift */; };
		121EE0D626FDF9FA0083C675 /* BoiledDetails.swift in Sources */ = {isa = PBXBuildFile; fileRef = 121EE0D526FDF9FA0083C675 /* BoiledDetails.swift */; };
		121EE0D826FDFFB30083C675 /* CookedEgg.swift in Sources */ = {isa = PBXBuildFile; fileRef = 121EE0D726FDFFB30083C675 /* CookedEgg.swift */; };
		121EE0DA26FE03E60083C675 /* EggYellow1.swift in Sources */ = {isa = PBXBuildFile; fileRef = 121EE0D926FE03E60083C675 /* EggYellow1.swift */; };
		121EE0DC26FE04190083C675 /* EggYellow2.swift in Sources */ = {isa = PBXBuildFile; fileRef = 121EE0DB26FE04190083C675 /* EggYellow2.swift */; };
		125537BF27046C570047713E /* Montserrat-ExtraBold.ttf in Resources */ = {isa = PBXBuildFile; fileRef = 125537BE27046C570047713E /* Montserrat-ExtraBold.ttf */; };
		125537C127046E610047713E /* Montserrat-Light.ttf in Resources */ = {isa = PBXBuildFile; fileRef = 125537C027046E610047713E /* Montserrat-Light.ttf */; };
/* End PBXBuildFile section */

/* Begin PBXFileReference section */
		121EE0BF26FDEB220083C675 /* Eggtime.app */ = {isa = PBXFileReference; explicitFileType = wrapper.application; includeInIndex = 0; path = Eggtime.app; sourceTree = BUILT_PRODUCTS_DIR; };
		121EE0C226FDEB220083C675 /* EggtimeApp.swift */ = {isa = PBXFileReference; lastKnownFileType = sourcecode.swift; path = EggtimeApp.swift; sourceTree = "<group>"; };
		121EE0C426FDEB220083C675 /* ContentView.swift */ = {isa = PBXFileReference; lastKnownFileType = sourcecode.swift; path = ContentView.swift; sourceTree = "<group>"; };
		121EE0C626FDEB230083C675 /* Assets.xcassets */ = {isa = PBXFileReference; lastKnownFileType = folder.assetcatalog; path = Assets.xcassets; sourceTree = "<group>"; };
		121EE0C926FDEB230083C675 /* Preview Assets.xcassets */ = {isa = PBXFileReference; lastKnownFileType = folder.assetcatalog; path = "Preview Assets.xcassets"; sourceTree = "<group>"; };
		121EE0CB26FDEB230083C675 /* Info.plist */ = {isa = PBXFileReference; lastKnownFileType = text.plist.xml; path = Info.plist; sourceTree = "<group>"; };
		121EE0D126FDEFEB0083C675 /* EggShape.swift */ = {isa = PBXFileReference; lastKnownFileType = sourcecode.swift; path = EggShape.swift; sourceTree = "<group>"; };
		121EE0D326FDF0D90083C675 /* Egg.swift */ = {isa = PBXFileReference; lastKnownFileType = sourcecode.swift; path = Egg.swift; sourceTree = "<group>"; };
		121EE0D526FDF9FA0083C675 /* BoiledDetails.swift */ = {isa = PBXFileReference; lastKnownFileType = sourcecode.swift; path = BoiledDetails.swift; sourceTree = "<group>"; };
		121EE0D726FDFFB30083C675 /* CookedEgg.swift */ = {isa = PBXFileReference; lastKnownFileType = sourcecode.swift; path = CookedEgg.swift; sourceTree = "<group>"; };
		121EE0D926FE03E60083C675 /* EggYellow1.swift */ = {isa = PBXFileReference; lastKnownFileType = sourcecode.swift; path = EggYellow1.swift; sourceTree = "<group>"; };
		121EE0DB26FE04190083C675 /* EggYellow2.swift */ = {isa = PBXFileReference; lastKnownFileType = sourcecode.swift; path = EggYellow2.swift; sourceTree = "<group>"; };
		125537BE27046C570047713E /* Montserrat-ExtraBold.ttf */ = {isa = PBXFileReference; lastKnownFileType = file; path = "Montserrat-ExtraBold.ttf"; sourceTree = "<group>"; };
		125537C027046E610047713E /* Montserrat-Light.ttf */ = {isa = PBXFileReference; lastKnownFileType = file; path = "Montserrat-Light.ttf"; sourceTree = "<group>"; };
/* End PBXFileReference section */

/* Begin PBXFrameworksBuildPhase section */
		121EE0BC26FDEB220083C675 /* Frameworks */ = {
			isa = PBXFrameworksBuildPhase;
			buildActionMask = 2147483647;
			files = (
			);
			runOnlyForDeploymentPostprocessing = 0;
		};
/* End PBXFrameworksBuildPhase section */

/* Begin PBXGroup section */
		121EE0B626FDEB220083C675 = {
			isa = PBXGroup;
			children = (
				121EE0C126FDEB220083C675 /* Eggtime */,
				121EE0C026FDEB220083C675 /* Products */,
			);
			sourceTree = "<group>";
		};
		121EE0C026FDEB220083C675 /* Products */ = {
			isa = PBXGroup;
			children = (
				121EE0BF26FDEB220083C675 /* Eggtime.app */,
			);
			name = Products;
			sourceTree = "<group>";
		};
		121EE0C126FDEB220083C675 /* Eggtime */ = {
			isa = PBXGroup;
			children = (
				125537BD27046C280047713E /* Fonts */,
				121EE0C226FDEB220083C675 /* EggtimeApp.swift */,
				121EE0C426FDEB220083C675 /* ContentView.swift */,
				121EE0D526FDF9FA0083C675 /* BoiledDetails.swift */,
				121EE0D726FDFFB30083C675 /* CookedEgg.swift */,
				121EE0D926FE03E60083C675 /* EggYellow1.swift */,
				121EE0DB26FE04190083C675 /* EggYellow2.swift */,
				121EE0D126FDEFEB0083C675 /* EggShape.swift */,
				121EE0D326FDF0D90083C675 /* Egg.swift */,
				121EE0C626FDEB230083C675 /* Assets.xcassets */,
				121EE0CB26FDEB230083C675 /* Info.plist */,
				121EE0C826FDEB230083C675 /* Preview Content */,
			);
			path = Eggtime;
			sourceTree = "<group>";
		};
		121EE0C826FDEB230083C675 /* Preview Content */ = {
			isa = PBXGroup;
			children = (
				121EE0C926FDEB230083C675 /* Preview Assets.xcassets */,
			);
			path = "Preview Content";
			sourceTree = "<group>";
		};
		125537BD27046C280047713E /* Fonts */ = {
			isa = PBXGroup;
			children = (
				125537BE27046C570047713E /* Montserrat-ExtraBold.ttf */,
				125537C027046E610047713E /* Montserrat-Light.ttf */,
			);
			name = Fonts;
			path = ../Eggtime.xcodeproj/Fonts;
			sourceTree = "<group>";
		};
/* End PBXGroup section */

/* Begin PBXNativeTarget section */
		121EE0BE26FDEB220083C675 /* Eggtime */ = {
			isa = PBXNativeTarget;
			buildConfigurationList = 121EE0CE26FDEB230083C675 /* Build configuration list for PBXNativeTarget "Eggtime" */;
			buildPhases = (
				121EE0BB26FDEB220083C675 /* Sources */,
				121EE0BC26FDEB220083C675 /* Frameworks */,
				121EE0BD26FDEB220083C675 /* Resources */,
			);
			buildRules = (
			);
			dependencies = (
			);
			name = Eggtime;
			productName = Eggtime;
			productReference = 121EE0BF26FDEB220083C675 /* Eggtime.app */;
			productType = "com.apple.product-type.application";
		};
/* End PBXNativeTarget section */

/* Begin PBXProject section */
		121EE0B726FDEB220083C675 /* Project object */ = {
			isa = PBXProject;
			attributes = {
				LastSwiftUpdateCheck = 1250;
				LastUpgradeCheck = 1250;
				TargetAttributes = {
					121EE0BE26FDEB220083C675 = {
						CreatedOnToolsVersion = 12.5.1;
					};
				};
			};
			buildConfigurationList = 121EE0BA26FDEB220083C675 /* Build configuration list for PBXProject "Eggtime" */;
			compatibilityVersion = "Xcode 9.3";
			developmentRegion = en;
			hasScannedForEncodings = 0;
			knownRegions = (
				en,
				Base,
			);
			mainGroup = 121EE0B626FDEB220083C675;
			productRefGroup = 121EE0C026FDEB220083C675 /* Products */;
			projectDirPath = "";
			projectRoot = "";
			targets = (
				121EE0BE26FDEB220083C675 /* Eggtime */,
			);
		};
/* End PBXProject section */

/* Begin PBXResourcesBuildPhase section */
		121EE0BD26FDEB220083C675 /* Resources */ = {
			isa = PBXResourcesBuildPhase;
			buildActionMask = 2147483647;
			files = (
				125537C127046E610047713E /* Montserrat-Light.ttf in Resources */,
				121EE0CA26FDEB230083C675 /* Preview Assets.xcassets in Resources */,
				125537BF27046C570047713E /* Montserrat-ExtraBold.ttf in Resources */,
				121EE0C726FDEB230083C675 /* Assets.xcassets in Resources */,
			);
			runOnlyForDeploymentPostprocessing = 0;
		};
/* End PBXResourcesBuildPhase section */

/* Begin PBXSourcesBuildPhase section */
		121EE0BB26FDEB220083C675 /* Sources */ = {
			isa = PBXSourcesBuildPhase;
			buildActionMask = 2147483647;
			files = (
				121EE0D226FDEFEB0083C675 /* EggShape.swift in Sources */,
				121EE0C526FDEB220083C675 /* ContentView.swift in Sources */,
				121EE0D826FDFFB30083C675 /* CookedEgg.swift in Sources */,
				121EE0DA26FE03E60083C675 /* EggYellow1.swift in Sources */,
				121EE0DC26FE04190083C675 /* EggYellow2.swift in Sources */,
				121EE0D626FDF9FA0083C675 /* BoiledDetails.swift in Sources */,
				121EE0C326FDEB220083C675 /* EggtimeApp.swift in Sources */,
				121EE0D426FDF0D90083C675 /* Egg.swift in Sources */,
			);
			runOnlyForDeploymentPostprocessing = 0;
		};
/* End PBXSourcesBuildPhase section */

/* Begin XCBuildConfiguration section */
		121EE0CC26FDEB230083C675 /* Debug */ = {
			isa = XCBuildConfiguration;
			buildSettings = {
				ALWAYS_SEARCH_USER_PATHS = NO;
				CLANG_ANALYZER_NONNULL = YES;
				CLANG_ANALYZER_NUMBER_OBJECT_CONVERSION = YES_AGGRESSIVE;
				CLANG_CXX_LANGUAGE_STANDARD = "gnu++14";
				CLANG_CXX_LIBRARY = "libc++";
				CLANG_ENABLE_MODULES = YES;
				CLANG_ENABLE_OBJC_ARC = YES;
				CLANG_ENABLE_OBJC_WEAK = YES;
				CLANG_WARN_BLOCK_CAPTURE_AUTORELEASING = YES;
				CLANG_WARN_BOOL_CONVERSION = YES;
				CLANG_WARN_COMMA = YES;
				CLANG_WARN_CONSTANT_CONVERSION = YES;
				CLANG_WARN_DEPRECATED_OBJC_IMPLEMENTATIONS = YES;
				CLANG_WARN_DIRECT_OBJC_ISA_USAGE = YES_ERROR;
				CLANG_WARN_DOCUMENTATION_COMMENTS = YES;
				CLANG_WARN_EMPTY_BODY = YES;
				CLANG_WARN_ENUM_CONVERSION = YES;
				CLANG_WARN_INFINITE_RECURSION = YES;
				CLANG_WARN_INT_CONVERSION = YES;
				CLANG_WARN_NON_LITERAL_NULL_CONVERSION = YES;
				CLANG_WARN_OBJC_IMPLICIT_RETAIN_SELF = YES;
				CLANG_WARN_OBJC_LITERAL_CONVERSION = YES;
				CLANG_WARN_OBJC_ROOT_CLASS = YES_ERROR;
				CLANG_WARN_QUOTED_INCLUDE_IN_FRAMEWORK_HEADER = YES;
				CLANG_WARN_RANGE_LOOP_ANALYSIS = YES;
				CLANG_WARN_STRICT_PROTOTYPES = YES;
				CLANG_WARN_SUSPICIOUS_MOVE = YES;
				CLANG_WARN_UNGUARDED_AVAILABILITY = YES_AGGRESSIVE;
				CLANG_WARN_UNREACHABLE_CODE = YES;
				CLANG_WARN__DUPLICATE_METHOD_MATCH = YES;
				COPY_PHASE_STRIP = NO;
				DEBUG_INFORMATION_FORMAT = dwarf;
				ENABLE_STRICT_OBJC_MSGSEND = YES;
				ENABLE_TESTABILITY = YES;
				GCC_C_LANGUAGE_STANDARD = gnu11;
				GCC_DYNAMIC_NO_PIC = NO;
				GCC_NO_COMMON_BLOCKS = YES;
				GCC_OPTIMIZATION_LEVEL = 0;
				GCC_PREPROCESSOR_DEFINITIONS = (
					"DEBUG=1",
					"$(inherited)",
				);
				GCC_WARN_64_TO_32_BIT_CONVERSION = YES;
				GCC_WARN_ABOUT_RETURN_TYPE = YES_ERROR;
				GCC_WARN_UNDECLARED_SELECTOR = YES;
				GCC_WARN_UNINITIALIZED_AUTOS = YES_AGGRESSIVE;
				GCC_WARN_UNUSED_FUNCTION = YES;
				GCC_WARN_UNUSED_VARIABLE = YES;
				IPHONEOS_DEPLOYMENT_TARGET = 14.5;
				MTL_ENABLE_DEBUG_INFO = INCLUDE_SOURCE;
				MTL_FAST_MATH = YES;
				ONLY_ACTIVE_ARCH = YES;
				SDKROOT = iphoneos;
				SWIFT_ACTIVE_COMPILATION_CONDITIONS = DEBUG;
				SWIFT_OPTIMIZATION_LEVEL = "-Onone";
			};
			name = Debug;
		};
		121EE0CD26FDEB230083C675 /* Release */ = {
			isa = XCBuildConfiguration;
			buildSettings = {
				ALWAYS_SEARCH_USER_PATHS = NO;
				CLANG_ANALYZER_NONNULL = YES;
				CLANG_ANALYZER_NUMBER_OBJECT_CONVERSION = YES_AGGRESSIVE;
				CLANG_CXX_LANGUAGE_STANDARD = "gnu++14";
				CLANG_CXX_LIBRARY = "libc++";
				CLANG_ENABLE_MODULES = YES;
				CLANG_ENABLE_OBJC_ARC = YES;
				CLANG_ENABLE_OBJC_WEAK = YES;
				CLANG_WARN_BLOCK_CAPTURE_AUTORELEASING = YES;
				CLANG_WARN_BOOL_CONVERSION = YES;
				CLANG_WARN_COMMA = YES;
				CLANG_WARN_CONSTANT_CONVERSION = YES;
				CLANG_WARN_DEPRECATED_OBJC_IMPLEMENTATIONS = YES;
				CLANG_WARN_DIRECT_OBJC_ISA_USAGE = YES_ERROR;
				CLANG_WARN_DOCUMENTATION_COMMENTS = YES;
				CLANG_WARN_EMPTY_BODY = YES;
				CLANG_WARN_ENUM_CONVERSION = YES;
				CLANG_WARN_INFINITE_RECURSION = YES;
				CLANG_WARN_INT_CONVERSION = YES;
				CLANG_WARN_NON_LITERAL_NULL_CONVERSION = YES;
				CLANG_WARN_OBJC_IMPLICIT_RETAIN_SELF = YES;
				CLANG_WARN_OBJC_LITERAL_CONVERSION = YES;
				CLANG_WARN_OBJC_ROOT_CLASS = YES_ERROR;
				CLANG_WARN_QUOTED_INCLUDE_IN_FRAMEWORK_HEADER = YES;
				CLANG_WARN_RANGE_LOOP_ANALYSIS = YES;
				CLANG_WARN_STRICT_PROTOTYPES = YES;
				CLANG_WARN_SUSPICIOUS_MOVE = YES;
				CLANG_WARN_UNGUARDED_AVAILABILITY = YES_AGGRESSIVE;
				CLANG_WARN_UNREACHABLE_CODE = YES;
				CLANG_WARN__DUPLICATE_METHOD_MATCH = YES;
				COPY_PHASE_STRIP = NO;
				DEBUG_INFORMATION_FORMAT = "dwarf-with-dsym";
				ENABLE_NS_ASSERTIONS = NO;
				ENABLE_STRICT_OBJC_MSGSEND = YES;
				GCC_C_LANGUAGE_STANDARD = gnu11;
				GCC_NO_COMMON_BLOCKS = YES;
				GCC_WARN_64_TO_32_BIT_CONVERSION = YES;
				GCC_WARN_ABOUT_RETURN_TYPE = YES_ERROR;
				GCC_WARN_UNDECLARED_SELECTOR = YES;
				GCC_WARN_UNINITIALIZED_AUTOS = YES_AGGRESSIVE;
				GCC_WARN_UNUSED_FUNCTION = YES;
				GCC_WARN_UNUSED_VARIABLE = YES;
				IPHONEOS_DEPLOYMENT_TARGET = 14.5;
				MTL_ENABLE_DEBUG_INFO = NO;
				MTL_FAST_MATH = YES;
				SDKROOT = iphoneos;
				SWIFT_COMPILATION_MODE = wholemodule;
				SWIFT_OPTIMIZATION_LEVEL = "-O";
				VALIDATE_PRODUCT = YES;
			};
			name = Release;
		};
		121EE0CF26FDEB230083C675 /* Debug */ = {
			isa = XCBuildConfiguration;
			buildSettings = {
				ASSETCATALOG_COMPILER_APPICON_NAME = AppIcon;
				ASSETCATALOG_COMPILER_GLOBAL_ACCENT_COLOR_NAME = AccentColor;
				CODE_SIGN_STYLE = Automatic;
				DEVELOPMENT_ASSET_PATHS = "\"Eggtime/Preview Content\"";
				DEVELOPMENT_TEAM = RPQ3VF2JBZ;
				ENABLE_PREVIEWS = YES;
				INFOPLIST_FILE = Eggtime/Info.plist;
				IPHONEOS_DEPLOYMENT_TARGET = 14.0;
				LD_RUNPATH_SEARCH_PATHS = (
					"$(inherited)",
					"@executable_path/Frameworks",
				);
				PRODUCT_BUNDLE_IDENTIFIER = com.mfsaglam.Eggtime;
				PRODUCT_NAME = "$(TARGET_NAME)";
				SWIFT_VERSION = 5.0;
				TARGETED_DEVICE_FAMILY = "1,2";
			};
			name = Debug;
		};
		121EE0D026FDEB230083C675 /* Release */ = {
			isa = XCBuildConfiguration;
			buildSettings = {
				ASSETCATALOG_COMPILER_APPICON_NAME = AppIcon;
				ASSETCATALOG_COMPILER_GLOBAL_ACCENT_COLOR_NAME = AccentColor;
				CODE_SIGN_STYLE = Automatic;
				DEVELOPMENT_ASSET_PATHS = "\"Eggtime/Preview Content\"";
				DEVELOPMENT_TEAM = RPQ3VF2JBZ;
				ENABLE_PREVIEWS = YES;
				INFOPLIST_FILE = Eggtime/Info.plist;
				IPHONEOS_DEPLOYMENT_TARGET = 14.0;
				LD_RUNPATH_SEARCH_PATHS = (
					"$(inherited)",
					"@executable_path/Frameworks",
				);
				PRODUCT_BUNDLE_IDENTIFIER = com.mfsaglam.Eggtime;
				PRODUCT_NAME = "$(TARGET_NAME)";
				SWIFT_VERSION = 5.0;
				TARGETED_DEVICE_FAMILY = "1,2";
			};
			name = Release;
		};
/* End XCBuildConfiguration section */

/* Begin XCConfigurationList section */
		121EE0BA26FDEB220083C675 /* Build configuration list for PBXProject "Eggtime" */ = {
			isa = XCConfigurationList;
			buildConfigurations = (
				121EE0CC26FDEB230083C675 /* Debug */,
				121EE0CD26FDEB230083C675 /* Release */,
			);
			defaultConfigurationIsVisible = 0;
			defaultConfigurationName = Release;
		};
		121EE0CE26FDEB230083C675 /* Build configuration list for PBXNativeTarget "Eggtime" */ = {
			isa = XCConfigurationList;
			buildConfigurations = (
				121EE0CF26FDEB230083C675 /* Debug */,
				121EE0D026FDEB230083C675 /* Release */,
			);
			defaultConfigurationIsVisible = 0;
			defaultConfigurationName = Release;
		};
/* End XCConfigurationList section */
	};
	rootObject = 121EE0B726FDEB220083C675 /* Project object */;
}
